
Microsoft Visual Studio Solution File, Format Version 12.00
# Visual Studio 14
VisualStudioVersion = 14.0.23107.0
MinimumVisualStudioVersion = 10.0.40219.1
Project("{FAE04EC0-301F-11D3-BF4B-00C04F79EFBC}") = "GCDAlgorithm", "GCDAlgorithm\GCDAlgorithm.csproj", "{397CA13B-2A3F-487E-96AC-1F12B02A9412}"
EndProject
Project("{FAE04EC0-301F-11D3-BF4B-00C04F79EFBC}") = "GcdAlgorithm.Tests", "GcdAlgorithm.Tests\GcdAlgorithm.Tests.csproj", "{1CBDF085-B444-42C7-A844-F25795A3D9DD}"
EndProject
Project("{FAE04EC0-301F-11D3-BF4B-00C04F79EFBC}") = "BookListService", "BookListService\BookListService.csproj", "{8AAAFA4A-16DF-4CC2-B603-A99B041AFA06}"
EndProject
Project("{FAE04EC0-301F-11D3-BF4B-00C04F79EFBC}") = "BookListServiceConsoleUI", "BookListServiceConsoleUI\BookListServiceConsoleUI.csproj", "{6E830109-CF15-452A-A088-911531D82CA5}"
EndProject
Global
	GlobalSection(SolutionConfigurationPlatforms) = preSolution
		Debug|Any CPU = Debug|Any CPU
		Release|Any CPU = Release|Any CPU
	EndGlobalSection
	GlobalSection(ProjectConfigurationPlatforms) = postSolution
		{397CA13B-2A3F-487E-96AC-1F12B02A9412}.Debug|Any CPU.ActiveCfg = Debug|Any CPU
		{397CA13B-2A3F-487E-96AC-1F12B02A9412}.Debug|Any CPU.Build.0 = Debug|Any CPU
		{397CA13B-2A3F-487E-96AC-1F12B02A9412}.Release|Any CPU.ActiveCfg = Release|Any CPU
		{397CA13B-2A3F-487E-96AC-1F12B02A9412}.Release|Any CPU.Build.0 = Release|Any CPU
		{1CBDF085-B444-42C7-A844-F25795A3D9DD}.Debug|Any CPU.ActiveCfg = Debug|Any CPU
		{1CBDF085-B444-42C7-A844-F25795A3D9DD}.Debug|Any CPU.Build.0 = Debug|Any CPU
		{1CBDF085-B444-42C7-A844-F25795A3D9DD}.Release|Any CPU.ActiveCfg = Release|Any CPU
		{1CBDF085-B444-42C7-A844-F25795A3D9DD}.Release|Any CPU.Build.0 = Release|Any CPU
		{8AAAFA4A-16DF-4CC2-B603-A99B041AFA06}.Debug|Any CPU.ActiveCfg = Debug|Any CPU
		{8AAAFA4A-16DF-4CC2-B603-A99B041AFA06}.Debug|Any CPU.Build.0 = Debug|Any CPU
		{8AAAFA4A-16DF-4CC2-B603-A99B041AFA06}.Release|Any CPU.ActiveCfg = Release|Any CPU
		{8AAAFA4A-16DF-4CC2-B603-A99B041AFA06}.Release|Any CPU.Build.0 = Release|Any CPU
		{6E830109-CF15-452A-A088-911531D82CA5}.Debug|Any CPU.ActiveCfg = Debug|Any CPU
		{6E830109-CF15-452A-A088-911531D82CA5}.Debug|Any CPU.Build.0 = Debug|Any CPU
		{6E830109-CF15-452A-A088-911531D82CA5}.Release|Any CPU.ActiveCfg = Release|Any CPU
		{6E830109-CF15-452A-A088-911531D82CA5}.Release|Any CPU.Build.0 = Release|Any CPU
	EndGlobalSection
	GlobalSection(SolutionProperties) = preSolution
		HideSolutionNode = FALSE
	EndGlobalSection
EndGlobal
